
Microsoft Visual Studio Solution File, Format Version 12.00
# Visual Studio Version 16
VisualStudioVersion = 16.0.31424.327
MinimumVisualStudioVersion = 10.0.40219.1
Project("{FAE04EC0-301F-11D3-BF4B-00C04F79EFBC}") = "AddressBook", "AddressBook.csproj", "{70C12791-8772-4EED-A546-C4F6CF68787E}"
EndProject
Global
	GlobalSection(SolutionConfigurationPlatforms) = preSolution
		Debug|Any CPU = Debug|Any CPU
		Release|Any CPU = Release|Any CPU
	EndGlobalSection
	GlobalSection(ProjectConfigurationPlatforms) = postSolution
		{70C12791-8772-4EED-A546-C4F6CF68787E}.Debug|Any CPU.ActiveCfg = Debug|Any CPU
		{70C12791-8772-4EED-A546-C4F6CF68787E}.Debug|Any CPU.Build.0 = Debug|Any CPU
		{70C12791-8772-4EED-A546-C4F6CF68787E}.Release|Any CPU.ActiveCfg = Release|Any CPU
		{70C12791-8772-4EED-A546-C4F6CF68787E}.Release|Any CPU.Build.0 = Release|Any CPU
	EndGlobalSection
	GlobalSection(SolutionProperties) = preSolution
		HideSolutionNode = FALSE
	EndGlobalSection
	GlobalSection(ExtensibilityGlobals) = postSolution
		SolutionGuid = {40E9C0D0-A5AC-4341-B4DB-917B9A684C42}
	EndGlobalSection
EndGlobal
